// !$*UTF8*$!
{
	archiveVersion = 1;
	classes = {
	};
	objectVersion = 77;
	objects = {

/* Begin PBXBuildFile section */
		0315994EFFACF2070234E7E4 /* SSHConnectTrace.swift in Sources */ = {isa = PBXBuildFile; fileRef = CC76B234C5AF31607E6D3B98 /* SSHConnectTrace.swift */; };
		0395DA40C6AC135D653B6CC2 /* CatalogCodec.swift in Sources */ = {isa = PBXBuildFile; fileRef = 85FA90FD4A5EC7C6BA781244 /* CatalogCodec.swift */; };
		06B8CF895F52398222C8DB97 /* Backend.swift in Sources */ = {isa = PBXBuildFile; fileRef = 9336892250E82F5922D5962F /* Backend.swift */; };
		15339B4A873B4E8367A79B1B /* AttachPane.swift in Sources */ = {isa = PBXBuildFile; fileRef = 88EF6513994246042D5109AE /* AttachPane.swift */; };
		1860C8A1ED7272D4E5718DB9 /* DriverTests.swift in Sources */ = {isa = PBXBuildFile; fileRef = 1EBB72640D125653205D9483 /* DriverTests.swift */; };
		1DB417114EC95E1E350884F0 /* AttachExit.swift in Sources */ = {isa = PBXBuildFile; fileRef = 2DA81E5C59E0B6A198E2FA5F /* AttachExit.swift */; };
		26C887D05A6FEA60AFC5085A /* Place.swift in Sources */ = {isa = PBXBuildFile; fileRef = B3239F057545DA582C4DA868 /* Place.swift */; };
		2CD525134E7D7307AD6AB8E5 /* Driver.swift in Sources */ = {isa = PBXBuildFile; fileRef = 7F4691BEA6EC153186C7DDB2 /* Driver.swift */; };
		2E0F2E61B6CB66A439A9C75A /* AttachExitTests.swift in Sources */ = {isa = PBXBuildFile; fileRef = 844DA7142EB561906510A8DF /* AttachExitTests.swift */; };
		3AC9A88932D1F2245FA400BE /* SwiftTerm in Frameworks */ = {isa = PBXBuildFile; productRef = 09CC7473527A224DBEF5778D /* SwiftTerm */; };
		3FE5648480151DB8328E01A6 /* FailureOverlay.swift in Sources */ = {isa = PBXBuildFile; fileRef = 13FB0B0803CF923FEA81135A /* FailureOverlay.swift */; };
		46A0E729A9E10FC645027BBC /* WindowChrome.swift in Sources */ = {isa = PBXBuildFile; fileRef = 302B62B0DD7A3AF2F366A1A3 /* WindowChrome.swift */; };
		47EBBF51C6F8597193B1FD89 /* SSHConnectTraceTests.swift in Sources */ = {isa = PBXBuildFile; fileRef = DD81C22ABE50E5253868F49A /* SSHConnectTraceTests.swift */; };
		4DF6D14C0276B63682AF32E5 /* TabState.swift in Sources */ = {isa = PBXBuildFile; fileRef = 934A08F963745061B6816150 /* TabState.swift */; };
		55D505910E4B25A0651B2F49 /* RootView.swift in Sources */ = {isa = PBXBuildFile; fileRef = CE03EF4B8DC774F5795F778D /* RootView.swift */; };
		5F9E1CFBB755E7A2A788B988 /* NotchTabPack.swift in Sources */ = {isa = PBXBuildFile; fileRef = 293B4512E2D954AD33BEBD6C /* NotchTabPack.swift */; };
		616F93614CA762AEFA57245A /* PlaceEditorSheet.swift in Sources */ = {isa = PBXBuildFile; fileRef = 72A940FDBD827A5AAAB86BA6 /* PlaceEditorSheet.swift */; };
		8584BD7BB2BB7D26CF66FAC2 /* PlaceAttach.swift in Sources */ = {isa = PBXBuildFile; fileRef = 9BF5E743D73142180BDA5114 /* PlaceAttach.swift */; };
		8CB4D175CD90D0D6F8B85B6F /* AppStore.swift in Sources */ = {isa = PBXBuildFile; fileRef = C10D918CE205CCF37284CC57 /* AppStore.swift */; };
		90E55D7616C271F98D451669 /* CatalogIO.swift in Sources */ = {isa = PBXBuildFile; fileRef = FD851CE8251960231DDA80C2 /* CatalogIO.swift */; };
		9842710B9E569D008EC9F630 /* ConnectOverlay.swift in Sources */ = {isa = PBXBuildFile; fileRef = AC2C804E50828522F719F5F5 /* ConnectOverlay.swift */; };
		9E2F750DB2A1567F5EE56FF2 /* AppStoreSleepTests.swift in Sources */ = {isa = PBXBuildFile; fileRef = 6F228290586DF8D0BED89FA6 /* AppStoreSleepTests.swift */; };
		A467407BAF610B5DD5623D9D /* PlaceAttachTests.swift in Sources */ = {isa = PBXBuildFile; fileRef = 7AE4CF7FFC713D5C2A066427 /* PlaceAttachTests.swift */; };
		A8346612A479CF038F9373EA /* CatalogDocument.swift in Sources */ = {isa = PBXBuildFile; fileRef = 75902058234193BBD87886FC /* CatalogDocument.swift */; };
		B59A5FC09D0E9E5289576DB7 /* RtermApp.swift in Sources */ = {isa = PBXBuildFile; fileRef = F304BAF27B86FA24B0F6217A /* RtermApp.swift */; };
		B71E17B5E9050736D0C096E3 /* Watchdog.swift in Sources */ = {isa = PBXBuildFile; fileRef = 04A29150C99495A62D9D68AD /* Watchdog.swift */; };
		D205523835C5C0842B61CBF8 /* WatchdogTests.swift in Sources */ = {isa = PBXBuildFile; fileRef = 5EBA1844573C8A441417C35C /* WatchdogTests.swift */; };
		D590FC3A64D011776E3A29EA /* Assets.xcassets in Resources */ = {isa = PBXBuildFile; fileRef = 5D131B6C8C9BE149C0616626 /* Assets.xcassets */; };
		D69C2A0CD7B282AE61DCED26 /* NotchTabPackTests.swift in Sources */ = {isa = PBXBuildFile; fileRef = C02996BCA65BF5504A20A570 /* NotchTabPackTests.swift */; };
		D7AA0A09F97878B1370D1047 /* CatalogPaths.swift in Sources */ = {isa = PBXBuildFile; fileRef = 6939E617F234D4AC8542CDA8 /* CatalogPaths.swift */; };
		DA755DFA3BEADFF4741427C2 /* CatalogCodecTests.swift in Sources */ = {isa = PBXBuildFile; fileRef = C1E7FE359E5B5E025126A73C /* CatalogCodecTests.swift */; };
/* End PBXBuildFile section */

/* Begin PBXContainerItemProxy section */
		6BAEC38784E1BB9C6013E982 /* PBXContainerItemProxy */ = {
			isa = PBXContainerItemProxy;
			containerPortal = 66AA57701FAF4C355EC7F380 /* Project object */;
			proxyType = 1;
			remoteGlobalIDString = 22C1DED586B33E47D88CAE44;
			remoteInfo = rterm;
		};
/* End PBXContainerItemProxy section */

/* Begin PBXFileReference section */
		04A29150C99495A62D9D68AD /* Watchdog.swift */ = {isa = PBXFileReference; lastKnownFileType = sourcecode.swift; path = Watchdog.swift; sourceTree = "<group>"; };
		13FB0B0803CF923FEA81135A /* FailureOverlay.swift */ = {isa = PBXFileReference; lastKnownFileType = sourcecode.swift; path = FailureOverlay.swift; sourceTree = "<group>"; };
		1EBB72640D125653205D9483 /* DriverTests.swift */ = {isa = PBXFileReference; lastKnownFileType = sourcecode.swift; path = DriverTests.swift; sourceTree = "<group>"; };
		293B4512E2D954AD33BEBD6C /* NotchTabPack.swift */ = {isa = PBXFileReference; lastKnownFileType = sourcecode.swift; path = NotchTabPack.swift; sourceTree = "<group>"; };
		2DA81E5C59E0B6A198E2FA5F /* AttachExit.swift */ = {isa = PBXFileReference; lastKnownFileType = sourcecode.swift; path = AttachExit.swift; sourceTree = "<group>"; };
		302B62B0DD7A3AF2F366A1A3 /* WindowChrome.swift */ = {isa = PBXFileReference; lastKnownFileType = sourcecode.swift; path = WindowChrome.swift; sourceTree = "<group>"; };
		58CA0BE4C11C9A59FD9EDCBE /* rtermTests.xctest */ = {isa = PBXFileReference; explicitFileType = wrapper.cfbundle; includeInIndex = 0; path = rtermTests.xctest; sourceTree = BUILT_PRODUCTS_DIR; };
		5D131B6C8C9BE149C0616626 /* Assets.xcassets */ = {isa = PBXFileReference; lastKnownFileType = folder.assetcatalog; path = Assets.xcassets; sourceTree = "<group>"; };
		5EBA1844573C8A441417C35C /* WatchdogTests.swift */ = {isa = PBXFileReference; lastKnownFileType = sourcecode.swift; path = WatchdogTests.swift; sourceTree = "<group>"; };
		6939E617F234D4AC8542CDA8 /* CatalogPaths.swift */ = {isa = PBXFileReference; lastKnownFileType = sourcecode.swift; path = CatalogPaths.swift; sourceTree = "<group>"; };
		6F228290586DF8D0BED89FA6 /* AppStoreSleepTests.swift */ = {isa = PBXFileReference; lastKnownFileType = sourcecode.swift; path = AppStoreSleepTests.swift; sourceTree = "<group>"; };
		72A940FDBD827A5AAAB86BA6 /* PlaceEditorSheet.swift */ = {isa = PBXFileReference; lastKnownFileType = sourcecode.swift; path = PlaceEditorSheet.swift; sourceTree = "<group>"; };
		75902058234193BBD87886FC /* CatalogDocument.swift */ = {isa = PBXFileReference; lastKnownFileType = sourcecode.swift; path = CatalogDocument.swift; sourceTree = "<group>"; };
		7AE4CF7FFC713D5C2A066427 /* PlaceAttachTests.swift */ = {isa = PBXFileReference; lastKnownFileType = sourcecode.swift; path = PlaceAttachTests.swift; sourceTree = "<group>"; };
		7F4691BEA6EC153186C7DDB2 /* Driver.swift */ = {isa = PBXFileReference; lastKnownFileType = sourcecode.swift; path = Driver.swift; sourceTree = "<group>"; };
		844DA7142EB561906510A8DF /* AttachExitTests.swift */ = {isa = PBXFileReference; lastKnownFileType = sourcecode.swift; path = AttachExitTests.swift; sourceTree = "<group>"; };
		85FA90FD4A5EC7C6BA781244 /* CatalogCodec.swift */ = {isa = PBXFileReference; lastKnownFileType = sourcecode.swift; path = CatalogCodec.swift; sourceTree = "<group>"; };
		88EF6513994246042D5109AE /* AttachPane.swift */ = {isa = PBXFileReference; lastKnownFileType = sourcecode.swift; path = AttachPane.swift; sourceTree = "<group>"; };
		9336892250E82F5922D5962F /* Backend.swift */ = {isa = PBXFileReference; lastKnownFileType = sourcecode.swift; path = Backend.swift; sourceTree = "<group>"; };
		934A08F963745061B6816150 /* TabState.swift */ = {isa = PBXFileReference; lastKnownFileType = sourcecode.swift; path = TabState.swift; sourceTree = "<group>"; };
		9BF5E743D73142180BDA5114 /* PlaceAttach.swift */ = {isa = PBXFileReference; lastKnownFileType = sourcecode.swift; path = PlaceAttach.swift; sourceTree = "<group>"; };
		A95A6A4486807E4278708C64 /* rterm.app */ = {isa = PBXFileReference; explicitFileType = wrapper.application; includeInIndex = 0; path = rterm.app; sourceTree = BUILT_PRODUCTS_DIR; };
		AC2C804E50828522F719F5F5 /* ConnectOverlay.swift */ = {isa = PBXFileReference; lastKnownFileType = sourcecode.swift; path = ConnectOverlay.swift; sourceTree = "<group>"; };
		B3239F057545DA582C4DA868 /* Place.swift */ = {isa = PBXFileReference; lastKnownFileType = sourcecode.swift; path = Place.swift; sourceTree = "<group>"; };
		C02996BCA65BF5504A20A570 /* NotchTabPackTests.swift */ = {isa = PBXFileReference; lastKnownFileType = sourcecode.swift; path = NotchTabPackTests.swift; sourceTree = "<group>"; };
		C10D918CE205CCF37284CC57 /* AppStore.swift */ = {isa = PBXFileReference; lastKnownFileType = sourcecode.swift; path = AppStore.swift; sourceTree = "<group>"; };
		C1E7FE359E5B5E025126A73C /* CatalogCodecTests.swift */ = {isa = PBXFileReference; lastKnownFileType = sourcecode.swift; path = CatalogCodecTests.swift; sourceTree = "<group>"; };
		CC76B234C5AF31607E6D3B98 /* SSHConnectTrace.swift */ = {isa = PBXFileReference; lastKnownFileType = sourcecode.swift; path = SSHConnectTrace.swift; sourceTree = "<group>"; };
		CE03EF4B8DC774F5795F778D /* RootView.swift */ = {isa = PBXFileReference; lastKnownFileType = sourcecode.swift; path = RootView.swift; sourceTree = "<group>"; };
		DD81C22ABE50E5253868F49A /* SSHConnectTraceTests.swift */ = {isa = PBXFileReference; lastKnownFileType = sourcecode.swift; path = SSHConnectTraceTests.swift; sourceTree = "<group>"; };
		F304BAF27B86FA24B0F6217A /* RtermApp.swift */ = {isa = PBXFileReference; lastKnownFileType = sourcecode.swift; path = RtermApp.swift; sourceTree = "<group>"; };
		FD851CE8251960231DDA80C2 /* CatalogIO.swift */ = {isa = PBXFileReference; lastKnownFileType = sourcecode.swift; path = CatalogIO.swift; sourceTree = "<group>"; };
/* End PBXFileReference section */

/* Begin PBXFrameworksBuildPhase section */
		F787A1A021118A1751E0BE65 /* Frameworks */ = {
			isa = PBXFrameworksBuildPhase;
			buildActionMask = 2147483647;
			files = (
				3AC9A88932D1F2245FA400BE /* SwiftTerm in Frameworks */,
			);
			runOnlyForDeploymentPostprocessing = 0;
		};
/* End PBXFrameworksBuildPhase section */

/* Begin PBXGroup section */
		2D6C5B7E5746D936876DA639 = {
			isa = PBXGroup;
			children = (
				8460BAE71F332B1F6A856CE7 /* Sources */,
				C83053AA64F54DBDEC1106B6 /* Tests */,
				5D131B6C8C9BE149C0616626 /* Assets.xcassets */,
				86B7CBDD04B130B1DBFB1B4E /* Products */,
			);
			sourceTree = "<group>";
		};
		3FEDE17E80AD02A24CE4F36A /* Pane */ = {
			isa = PBXGroup;
			children = (
				88EF6513994246042D5109AE /* AttachPane.swift */,
			);
			path = Pane;
			sourceTree = "<group>";
		};
		4FE1900A9D9B6A70887D31EF /* Catalog */ = {
			isa = PBXGroup;
			children = (
				9336892250E82F5922D5962F /* Backend.swift */,
				85FA90FD4A5EC7C6BA781244 /* CatalogCodec.swift */,
				75902058234193BBD87886FC /* CatalogDocument.swift */,
				FD851CE8251960231DDA80C2 /* CatalogIO.swift */,
				6939E617F234D4AC8542CDA8 /* CatalogPaths.swift */,
				B3239F057545DA582C4DA868 /* Place.swift */,
			);
			path = Catalog;
			sourceTree = "<group>";
		};
		83AF0B4BD52B1495785B76CA /* App */ = {
			isa = PBXGroup;
			children = (
				C10D918CE205CCF37284CC57 /* AppStore.swift */,
				F304BAF27B86FA24B0F6217A /* RtermApp.swift */,
			);
			path = App;
			sourceTree = "<group>";
		};
		8460BAE71F332B1F6A856CE7 /* Sources */ = {
			isa = PBXGroup;
			children = (
				83AF0B4BD52B1495785B76CA /* App */,
				B567DC60F3D881273A3BD971 /* Attach */,
				4FE1900A9D9B6A70887D31EF /* Catalog */,
				EF130C33E3E960ADD8F0A5B5 /* Driver */,
				3FEDE17E80AD02A24CE4F36A /* Pane */,
				B393F6F639FEA2932EF47D21 /* UI */,
			);
			path = Sources;
			sourceTree = "<group>";
		};
		86B7CBDD04B130B1DBFB1B4E /* Products */ = {
			isa = PBXGroup;
			children = (
				A95A6A4486807E4278708C64 /* rterm.app */,
				58CA0BE4C11C9A59FD9EDCBE /* rtermTests.xctest */,
			);
			name = Products;
			sourceTree = "<group>";
		};
		B393F6F639FEA2932EF47D21 /* UI */ = {
			isa = PBXGroup;
			children = (
				AC2C804E50828522F719F5F5 /* ConnectOverlay.swift */,
				13FB0B0803CF923FEA81135A /* FailureOverlay.swift */,
				293B4512E2D954AD33BEBD6C /* NotchTabPack.swift */,
				72A940FDBD827A5AAAB86BA6 /* PlaceEditorSheet.swift */,
				CE03EF4B8DC774F5795F778D /* RootView.swift */,
				302B62B0DD7A3AF2F366A1A3 /* WindowChrome.swift */,
			);
			path = UI;
			sourceTree = "<group>";
		};
		B567DC60F3D881273A3BD971 /* Attach */ = {
			isa = PBXGroup;
			children = (
				2DA81E5C59E0B6A198E2FA5F /* AttachExit.swift */,
				9BF5E743D73142180BDA5114 /* PlaceAttach.swift */,
				CC76B234C5AF31607E6D3B98 /* SSHConnectTrace.swift */,
				934A08F963745061B6816150 /* TabState.swift */,
				04A29150C99495A62D9D68AD /* Watchdog.swift */,
			);
			path = Attach;
			sourceTree = "<group>";
		};
		C83053AA64F54DBDEC1106B6 /* Tests */ = {
			isa = PBXGroup;
			children = (
				6F228290586DF8D0BED89FA6 /* AppStoreSleepTests.swift */,
				844DA7142EB561906510A8DF /* AttachExitTests.swift */,
				C1E7FE359E5B5E025126A73C /* CatalogCodecTests.swift */,
				1EBB72640D125653205D9483 /* DriverTests.swift */,
				C02996BCA65BF5504A20A570 /* NotchTabPackTests.swift */,
				7AE4CF7FFC713D5C2A066427 /* PlaceAttachTests.swift */,
				DD81C22ABE50E5253868F49A /* SSHConnectTraceTests.swift */,
				5EBA1844573C8A441417C35C /* WatchdogTests.swift */,
			);
			path = Tests;
			sourceTree = "<group>";
		};
		EF130C33E3E960ADD8F0A5B5 /* Driver */ = {
			isa = PBXGroup;
			children = (
				7F4691BEA6EC153186C7DDB2 /* Driver.swift */,
			);
			path = Driver;
			sourceTree = "<group>";
		};
/* End PBXGroup section */

/* Begin PBXNativeTarget section */
		0C95A983710FB3AAAFF6268C /* rtermTests */ = {
			isa = PBXNativeTarget;
			buildConfigurationList = 497353AAB1E9204ACD6DF999 /* Build configuration list for PBXNativeTarget "rtermTests" */;
			buildPhases = (
				CBF2DF80D06B3C3A959363BB /* Sources */,
			);
			buildRules = (
			);
			dependencies = (
				F015902F5780A5E6509546ED /* PBXTargetDependency */,
			);
			name = rtermTests;
			packageProductDependencies = (
			);
			productName = rtermTests;
			productReference = 58CA0BE4C11C9A59FD9EDCBE /* rtermTests.xctest */;
			productType = "com.apple.product-type.bundle.unit-test";
		};
		22C1DED586B33E47D88CAE44 /* rterm */ = {
			isa = PBXNativeTarget;
			buildConfigurationList = AB76E1739504BC4E98C9D7B4 /* Build configuration list for PBXNativeTarget "rterm" */;
			buildPhases = (
				6B471C345228D08C3888E7FF /* Sources */,
				9260BC58987D2946D94C33EC /* Resources */,
				F787A1A021118A1751E0BE65 /* Frameworks */,
			);
			buildRules = (
			);
			dependencies = (
			);
			name = rterm;
			packageProductDependencies = (
				09CC7473527A224DBEF5778D /* SwiftTerm */,
			);
			productName = rterm;
			productReference = A95A6A4486807E4278708C64 /* rterm.app */;
			productType = "com.apple.product-type.application";
		};
/* End PBXNativeTarget section */

/* Begin PBXProject section */
		66AA57701FAF4C355EC7F380 /* Project object */ = {
			isa = PBXProject;
			attributes = {
				BuildIndependentTargetsInParallel = YES;
				LastUpgradeCheck = 1430;
				TargetAttributes = {
					0C95A983710FB3AAAFF6268C = {
						DevelopmentTeam = "";
					};
					22C1DED586B33E47D88CAE44 = {
						DevelopmentTeam = "";
					};
				};
			};
			buildConfigurationList = 32DAB0A569C564E50E88BBD0 /* Build configuration list for PBXProject "rterm" */;
			developmentRegion = en;
			hasScannedForEncodings = 0;
			knownRegions = (
				Base,
				en,
			);
			mainGroup = 2D6C5B7E5746D936876DA639;
			minimizedProjectReferenceProxies = 1;
			packageReferences = (
				21777E15262F3439A161D0C9 /* XCRemoteSwiftPackageReference "SwiftTerm" */,
			);
			preferredProjectObjectVersion = 77;
			productRefGroup = 86B7CBDD04B130B1DBFB1B4E /* Products */;
			projectDirPath = "";
			projectRoot = "";
			targets = (
				22C1DED586B33E47D88CAE44 /* rterm */,
				0C95A983710FB3AAAFF6268C /* rtermTests */,
			);
		};
/* End PBXProject section */

/* Begin PBXResourcesBuildPhase section */
		9260BC58987D2946D94C33EC /* Resources */ = {
			isa = PBXResourcesBuildPhase;
			buildActionMask = 2147483647;
			files = (
				D590FC3A64D011776E3A29EA /* Assets.xcassets in Resources */,
			);
			runOnlyForDeploymentPostprocessing = 0;
		};
/* End PBXResourcesBuildPhase section */

/* Begin PBXSourcesBuildPhase section */
		6B471C345228D08C3888E7FF /* Sources */ = {
			isa = PBXSourcesBuildPhase;
			buildActionMask = 2147483647;
			files = (
				8CB4D175CD90D0D6F8B85B6F /* AppStore.swift in Sources */,
				1DB417114EC95E1E350884F0 /* AttachExit.swift in Sources */,
				15339B4A873B4E8367A79B1B /* AttachPane.swift in Sources */,
				06B8CF895F52398222C8DB97 /* Backend.swift in Sources */,
				0395DA40C6AC135D653B6CC2 /* CatalogCodec.swift in Sources */,
				A8346612A479CF038F9373EA /* CatalogDocument.swift in Sources */,
				90E55D7616C271F98D451669 /* CatalogIO.swift in Sources */,
				D7AA0A09F97878B1370D1047 /* CatalogPaths.swift in Sources */,
				9842710B9E569D008EC9F630 /* ConnectOverlay.swift in Sources */,
				2CD525134E7D7307AD6AB8E5 /* Driver.swift in Sources */,
				3FE5648480151DB8328E01A6 /* FailureOverlay.swift in Sources */,
				5F9E1CFBB755E7A2A788B988 /* NotchTabPack.swift in Sources */,
				26C887D05A6FEA60AFC5085A /* Place.swift in Sources */,
				8584BD7BB2BB7D26CF66FAC2 /* PlaceAttach.swift in Sources */,
				616F93614CA762AEFA57245A /* PlaceEditorSheet.swift in Sources */,
				55D505910E4B25A0651B2F49 /* RootView.swift in Sources */,
				B59A5FC09D0E9E5289576DB7 /* RtermApp.swift in Sources */,
				0315994EFFACF2070234E7E4 /* SSHConnectTrace.swift in Sources */,
				4DF6D14C0276B63682AF32E5 /* TabState.swift in Sources */,
				B71E17B5E9050736D0C096E3 /* Watchdog.swift in Sources */,
				46A0E729A9E10FC645027BBC /* WindowChrome.swift in Sources */,
			);
			runOnlyForDeploymentPostprocessing = 0;
		};
		CBF2DF80D06B3C3A959363BB /* Sources */ = {
			isa = PBXSourcesBuildPhase;
			buildActionMask = 2147483647;
			files = (
				9E2F750DB2A1567F5EE56FF2 /* AppStoreSleepTests.swift in Sources */,
				2E0F2E61B6CB66A439A9C75A /* AttachExitTests.swift in Sources */,
				DA755DFA3BEADFF4741427C2 /* CatalogCodecTests.swift in Sources */,
				1860C8A1ED7272D4E5718DB9 /* DriverTests.swift in Sources */,
				D69C2A0CD7B282AE61DCED26 /* NotchTabPackTests.swift in Sources */,
				A467407BAF610B5DD5623D9D /* PlaceAttachTests.swift in Sources */,
				47EBBF51C6F8597193B1FD89 /* SSHConnectTraceTests.swift in Sources */,
				D205523835C5C0842B61CBF8 /* WatchdogTests.swift in Sources */,
			);
			runOnlyForDeploymentPostprocessing = 0;
		};
/* End PBXSourcesBuildPhase section */

/* Begin PBXTargetDependency section */
		F015902F5780A5E6509546ED /* PBXTargetDependency */ = {
			isa = PBXTargetDependency;
			target = 22C1DED586B33E47D88CAE44 /* rterm */;
			targetProxy = 6BAEC38784E1BB9C6013E982 /* PBXContainerItemProxy */;
		};
/* End PBXTargetDependency section */

/* Begin XCBuildConfiguration section */
		45B71B88D29AB410DB882F6C /* Release */ = {
			isa = XCBuildConfiguration;
			buildSettings = {
				ASSETCATALOG_COMPILER_APPICON_NAME = AppIcon;
				COMBINE_HIDPI_IMAGES = YES;
				CURRENT_PROJECT_VERSION = 1;
				ENABLE_TESTABILITY = YES;
				INFOPLIST_KEY_CFBundleDisplayName = rterm;
				INFOPLIST_KEY_LSApplicationCategoryType = "public.app-category.developer-tools";
				INFOPLIST_KEY_LSMinimumSystemVersion = 14.0;
				INFOPLIST_KEY_NSHumanReadableCopyright = "Copyright © 2026";
				INFOPLIST_KEY_NSPrefersDisplaySafeAreaCompatibilityMode = NO;
				LD_RUNPATH_SEARCH_PATHS = (
					"$(inherited)",
					"@executable_path/../Frameworks",
				);
				MARKETING_VERSION = 0.1.0;
				PRODUCT_BUNDLE_IDENTIFIER = br.tec.lew.rterm;
				PRODUCT_NAME = rterm;
				SDKROOT = macosx;
			};
			name = Release;
		};
		4A0DE73D38CFB40FF6145CFB /* Debug */ = {
			isa = XCBuildConfiguration;
			buildSettings = {
				BUNDLE_LOADER = "$(TEST_HOST)";
				COMBINE_HIDPI_IMAGES = YES;
				GENERATE_INFOPLIST_FILE = YES;
				LD_RUNPATH_SEARCH_PATHS = (
					"$(inherited)",
					"@executable_path/../Frameworks",
					"@loader_path/../Frameworks",
				);
				PRODUCT_BUNDLE_IDENTIFIER = br.tec.lew.rterm.tests;
				SDKROOT = macosx;
				TEST_HOST = "$(BUILT_PRODUCTS_DIR)/rterm.app/Contents/MacOS/rterm";
			};
			name = Debug;
		};
		53CD4DB9DB853BCEABB7C10B /* Debug */ = {
			isa = XCBuildConfiguration;
			buildSettings = {
				ALWAYS_SEARCH_USER_PATHS = NO;
				CLANG_ANALYZER_NONNULL = YES;
				CLANG_ANALYZER_NUMBER_OBJECT_CONVERSION = YES_AGGRESSIVE;
				CLANG_CXX_LANGUAGE_STANDARD = "gnu++14";
				CLANG_CXX_LIBRARY = "libc++";
				CLANG_ENABLE_MODULES = YES;
				CLANG_ENABLE_OBJC_ARC = YES;
				CLANG_ENABLE_OBJC_WEAK = YES;
				CLANG_WARN_BLOCK_CAPTURE_AUTORELEASING = YES;
				CLANG_WARN_BOOL_CONVERSION = YES;
				CLANG_WARN_COMMA = YES;
				CLANG_WARN_CONSTANT_CONVERSION = YES;
				CLANG_WARN_DEPRECATED_OBJC_IMPLEMENTATIONS = YES;
				CLANG_WARN_DIRECT_OBJC_ISA_USAGE = YES_ERROR;
				CLANG_WARN_DOCUMENTATION_COMMENTS = YES;
				CLANG_WARN_EMPTY_BODY = YES;
				CLANG_WARN_ENUM_CONVERSION = YES;
				CLANG_WARN_INFINITE_RECURSION = YES;
				CLANG_WARN_INT_CONVERSION = YES;
				CLANG_WARN_NON_LITERAL_NULL_CONVERSION = YES;
				CLANG_WARN_OBJC_IMPLICIT_RETAIN_SELF = YES;
				CLANG_WARN_OBJC_LITERAL_CONVERSION = YES;
				CLANG_WARN_OBJC_ROOT_CLASS = YES_ERROR;
				CLANG_WARN_QUOTED_INCLUDE_IN_FRAMEWORK_HEADER = YES;
				CLANG_WARN_RANGE_LOOP_ANALYSIS = YES;
				CLANG_WARN_STRICT_PROTOTYPES = YES;
				CLANG_WARN_SUSPICIOUS_MOVE = YES;
				CLANG_WARN_UNGUARDED_AVAILABILITY = YES_AGGRESSIVE;
				CLANG_WARN_UNREACHABLE_CODE = YES;
				CLANG_WARN__DUPLICATE_METHOD_MATCH = YES;
				CODE_SIGNING_REQUIRED = NO;
				CODE_SIGN_IDENTITY = "-";
				COPY_PHASE_STRIP = NO;
				DEBUG_INFORMATION_FORMAT = dwarf;
				DEVELOPMENT_TEAM = "";
				ENABLE_APP_SANDBOX = NO;
				ENABLE_STRICT_OBJC_MSGSEND = YES;
				ENABLE_TESTABILITY = YES;
				GCC_C_LANGUAGE_STANDARD = gnu11;
				GCC_DYNAMIC_NO_PIC = NO;
				GCC_NO_COMMON_BLOCKS = YES;
				GCC_OPTIMIZATION_LEVEL = 0;
				GCC_PREPROCESSOR_DEFINITIONS = (
					"$(inherited)",
					"DEBUG=1",
				);
				GCC_WARN_64_TO_32_BIT_CONVERSION = YES;
				GCC_WARN_ABOUT_RETURN_TYPE = YES_ERROR;
				GCC_WARN_UNDECLARED_SELECTOR = YES;
				GCC_WARN_UNINITIALIZED_AUTOS = YES_AGGRESSIVE;
				GCC_WARN_UNUSED_FUNCTION = YES;
				GCC_WARN_UNUSED_VARIABLE = YES;
				GENERATE_INFOPLIST_FILE = YES;
				MACOSX_DEPLOYMENT_TARGET = 14.0;
				MTL_ENABLE_DEBUG_INFO = INCLUDE_SOURCE;
				MTL_FAST_MATH = YES;
				ONLY_ACTIVE_ARCH = YES;
				PRODUCT_NAME = "$(TARGET_NAME)";
				SDKROOT = macosx;
				SWIFT_ACTIVE_COMPILATION_CONDITIONS = DEBUG;
				SWIFT_OPTIMIZATION_LEVEL = "-Onone";
				SWIFT_VERSION = 6.0;
			};
			name = Debug;
		};
		6D5586A5CB63FB4650E7E678 /* Release */ = {
			isa = XCBuildConfiguration;
			buildSettings = {
				BUNDLE_LOADER = "$(TEST_HOST)";
				COMBINE_HIDPI_IMAGES = YES;
				GENERATE_INFOPLIST_FILE = YES;
				LD_RUNPATH_SEARCH_PATHS = (
					"$(inherited)",
					"@executable_path/../Frameworks",
					"@loader_path/../Frameworks",
				);
				PRODUCT_BUNDLE_IDENTIFIER = br.tec.lew.rterm.tests;
				SDKROOT = macosx;
				TEST_HOST = "$(BUILT_PRODUCTS_DIR)/rterm.app/Contents/MacOS/rterm";
			};
			name = Release;
		};
		A8F1A779CB7C80BA76FF3CBE /* Release */ = {
			isa = XCBuildConfiguration;
			buildSettings = {
				ALWAYS_SEARCH_USER_PATHS = NO;
				CLANG_ANALYZER_NONNULL = YES;
				CLANG_ANALYZER_NUMBER_OBJECT_CONVERSION = YES_AGGRESSIVE;
				CLANG_CXX_LANGUAGE_STANDARD = "gnu++14";
				CLANG_CXX_LIBRARY = "libc++";
				CLANG_ENABLE_MODULES = YES;
				CLANG_ENABLE_OBJC_ARC = YES;
				CLANG_ENABLE_OBJC_WEAK = YES;
				CLANG_WARN_BLOCK_CAPTURE_AUTORELEASING = YES;
				CLANG_WARN_BOOL_CONVERSION = YES;
				CLANG_WARN_COMMA = YES;
				CLANG_WARN_CONSTANT_CONVERSION = YES;
				CLANG_WARN_DEPRECATED_OBJC_IMPLEMENTATIONS = YES;
				CLANG_WARN_DIRECT_OBJC_ISA_USAGE = YES_ERROR;
				CLANG_WARN_DOCUMENTATION_COMMENTS = YES;
				CLANG_WARN_EMPTY_BODY = YES;
				CLANG_WARN_ENUM_CONVERSION = YES;
				CLANG_WARN_INFINITE_RECURSION = YES;
				CLANG_WARN_INT_CONVERSION = YES;
				CLANG_WARN_NON_LITERAL_NULL_CONVERSION = YES;
				CLANG_WARN_OBJC_IMPLICIT_RETAIN_SELF = YES;
				CLANG_WARN_OBJC_LITERAL_CONVERSION = YES;
				CLANG_WARN_OBJC_ROOT_CLASS = YES_ERROR;
				CLANG_WARN_QUOTED_INCLUDE_IN_FRAMEWORK_HEADER = YES;
				CLANG_WARN_RANGE_LOOP_ANALYSIS = YES;
				CLANG_WARN_STRICT_PROTOTYPES = YES;
				CLANG_WARN_SUSPICIOUS_MOVE = YES;
				CLANG_WARN_UNGUARDED_AVAILABILITY = YES_AGGRESSIVE;
				CLANG_WARN_UNREACHABLE_CODE = YES;
				CLANG_WARN__DUPLICATE_METHOD_MATCH = YES;
				CODE_SIGNING_REQUIRED = NO;
				CODE_SIGN_IDENTITY = "-";
				COPY_PHASE_STRIP = NO;
				DEBUG_INFORMATION_FORMAT = "dwarf-with-dsym";
				DEVELOPMENT_TEAM = "";
				ENABLE_APP_SANDBOX = NO;
				ENABLE_NS_ASSERTIONS = NO;
				ENABLE_STRICT_OBJC_MSGSEND = YES;
				GCC_C_LANGUAGE_STANDARD = gnu11;
				GCC_NO_COMMON_BLOCKS = YES;
				GCC_WARN_64_TO_32_BIT_CONVERSION = YES;
				GCC_WARN_ABOUT_RETURN_TYPE = YES_ERROR;
				GCC_WARN_UNDECLARED_SELECTOR = YES;
				GCC_WARN_UNINITIALIZED_AUTOS = YES_AGGRESSIVE;
				GCC_WARN_UNUSED_FUNCTION = YES;
				GCC_WARN_UNUSED_VARIABLE = YES;
				GENERATE_INFOPLIST_FILE = YES;
				MACOSX_DEPLOYMENT_TARGET = 14.0;
				MTL_ENABLE_DEBUG_INFO = NO;
				MTL_FAST_MATH = YES;
				PRODUCT_NAME = "$(TARGET_NAME)";
				SDKROOT = macosx;
				SWIFT_COMPILATION_MODE = wholemodule;
				SWIFT_OPTIMIZATION_LEVEL = "-O";
				SWIFT_VERSION = 6.0;
			};
			name = Release;
		};
		C586659B5F90B22A99DB2A41 /* Debug */ = {
			isa = XCBuildConfiguration;
			buildSettings = {
				ASSETCATALOG_COMPILER_APPICON_NAME = AppIcon;
				COMBINE_HIDPI_IMAGES = YES;
				CURRENT_PROJECT_VERSION = 1;
				ENABLE_TESTABILITY = YES;
				INFOPLIST_KEY_CFBundleDisplayName = rterm;
				INFOPLIST_KEY_LSApplicationCategoryType = "public.app-category.developer-tools";
				INFOPLIST_KEY_LSMinimumSystemVersion = 14.0;
				INFOPLIST_KEY_NSHumanReadableCopyright = "Copyright © 2026";
				INFOPLIST_KEY_NSPrefersDisplaySafeAreaCompatibilityMode = NO;
				LD_RUNPATH_SEARCH_PATHS = (
					"$(inherited)",
					"@executable_path/../Frameworks",
				);
				MARKETING_VERSION = 0.1.0;
				PRODUCT_BUNDLE_IDENTIFIER = br.tec.lew.rterm;
				PRODUCT_NAME = rterm;
				SDKROOT = macosx;
			};
			name = Debug;
		};
/* End XCBuildConfiguration section */

/* Begin XCConfigurationList section */
		32DAB0A569C564E50E88BBD0 /* Build configuration list for PBXProject "rterm" */ = {
			isa = XCConfigurationList;
			buildConfigurations = (
				53CD4DB9DB853BCEABB7C10B /* Debug */,
				A8F1A779CB7C80BA76FF3CBE /* Release */,
			);
			defaultConfigurationIsVisible = 0;
			defaultConfigurationName = Debug;
		};
		497353AAB1E9204ACD6DF999 /* Build configuration list for PBXNativeTarget "rtermTests" */ = {
			isa = XCConfigurationList;
			buildConfigurations = (
				4A0DE73D38CFB40FF6145CFB /* Debug */,
				6D5586A5CB63FB4650E7E678 /* Release */,
			);
			defaultConfigurationIsVisible = 0;
			defaultConfigurationName = Debug;
		};
		AB76E1739504BC4E98C9D7B4 /* Build configuration list for PBXNativeTarget "rterm" */ = {
			isa = XCConfigurationList;
			buildConfigurations = (
				C586659B5F90B22A99DB2A41 /* Debug */,
				45B71B88D29AB410DB882F6C /* Release */,
			);
			defaultConfigurationIsVisible = 0;
			defaultConfigurationName = Debug;
		};
/* End XCConfigurationList section */

/* Begin XCRemoteSwiftPackageReference section */
		21777E15262F3439A161D0C9 /* XCRemoteSwiftPackageReference "SwiftTerm" */ = {
			isa = XCRemoteSwiftPackageReference;
			repositoryURL = "https://github.com/migueldeicaza/SwiftTerm";
			requirement = {
				kind = upToNextMajorVersion;
				minimumVersion = 1.20.0;
			};
		};
/* End XCRemoteSwiftPackageReference section */

/* Begin XCSwiftPackageProductDependency section */
		09CC7473527A224DBEF5778D /* SwiftTerm */ = {
			isa = XCSwiftPackageProductDependency;
			package = 21777E15262F3439A161D0C9 /* XCRemoteSwiftPackageReference "SwiftTerm" */;
			productName = SwiftTerm;
		};
/* End XCSwiftPackageProductDependency section */
	};
	rootObject = 66AA57701FAF4C355EC7F380 /* Project object */;
}
